dependencies:
- name: kube-prometheus-stack
  repository: https://prometheus-community.github.io/helm-charts
  version: 12.12.2
- name: cert-manager
  repository: https://charts.jetstack.io
  version: v1.1.0
digest: sha256:47b8c5e4761c67be62052a9e70032ba0fb777d83ce075c9658f260290f270e4a
generated: "2021-01-24T14:02:19.800045-05:00"
