dependencies:
- name: kube-prometheus-stack
  repository: https://prometheus-community.github.io/helm-charts
  version: 12.12.2
- name: cert-manager
  repository: https://charts.jetstack.io
  version: v1.1.0
digest: sha256:a61bde224e4ae9b20491797dd63ad700702cd81a3485d769176435a0af55629a
generated: "2021-01-20T19:26:24.304656844-05:00"
